{
  "name": "web-legos",
  "version": "1.0.0",
  "lockfileVersion": 2,
  "requires": true,
  "packages": {
    "": {
      "name": "web-legos",
      "version": "1.0.0",
      "license": "ISC",
      "dependencies": {
        "@emotion/react": "file:../../../node_modules/@emotion/react",
        "@emotion/styled": "file:../../../node_modules/@emotion/styled",
        "@mui/material": "file:../../../node_modules/@mui/material",
        "@nextui-org/react": "file:../../../node_modules/@nextui-org/react",
        "bootstrap": "^5.3.0",
        "browser-image-compression": "^2.0.2",
        "react": "file:../../../node_modules/react",
        "react-dom": "file:../../../node_modules/react-dom"
      }
    },
    "../../../node_modules/@emotion/react": {
      "version": "11.11.0",
      "license": "MIT",
      "dependencies": {
        "@babel/runtime": "^7.18.3",
        "@emotion/babel-plugin": "^11.11.0",
        "@emotion/cache": "^11.11.0",
        "@emotion/serialize": "^1.1.2",
        "@emotion/use-insertion-effect-with-fallbacks": "^1.0.1",
        "@emotion/utils": "^1.2.1",
        "@emotion/weak-memoize": "^0.3.1",
        "hoist-non-react-statics": "^3.3.1"
      },
      "devDependencies": {
        "@definitelytyped/dtslint": "0.0.112",
        "@emotion/css": "11.11.0",
        "@emotion/css-prettifier": "1.1.3",
        "@emotion/server": "11.11.0",
        "@emotion/styled": "11.11.0",
        "html-tag-names": "^1.1.2",
        "react": "16.14.0",
        "svg-tag-names": "^1.1.1",
        "typescript": "^4.5.5"
      },
      "peerDependencies": {
        "react": ">=16.8.0"
      },
      "peerDependenciesMeta": {
        "@types/react": {
          "optional": true
        }
      }
    },
    "../../../node_modules/@emotion/styled": {
      "version": "11.11.0",
      "license": "MIT",
      "dependencies": {
        "@babel/runtime": "^7.18.3",
        "@emotion/babel-plugin": "^11.11.0",
        "@emotion/is-prop-valid": "^1.2.1",
        "@emotion/serialize": "^1.1.2",
        "@emotion/use-insertion-effect-with-fallbacks": "^1.0.1",
        "@emotion/utils": "^1.2.1"
      },
      "devDependencies": {
        "@definitelytyped/dtslint": "0.0.112",
        "@emotion/react": "11.11.0",
        "react": "16.14.0",
        "typescript": "^4.5.5"
      },
      "peerDependencies": {
        "@emotion/react": "^11.0.0-rc.0",
        "react": ">=16.8.0"
      },
      "peerDependenciesMeta": {
        "@types/react": {
          "optional": true
        }
      }
    },
    "../../../node_modules/@mui/material": {
      "version": "5.13.5",
      "license": "MIT",
      "dependencies": {
        "@babel/runtime": "^7.21.0",
        "@mui/base": "5.0.0-beta.4",
        "@mui/core-downloads-tracker": "^5.13.4",
        "@mui/system": "^5.13.5",
        "@mui/types": "^7.2.4",
        "@mui/utils": "^5.13.1",
        "@types/react-transition-group": "^4.4.6",
        "clsx": "^1.2.1",
        "csstype": "^3.1.2",
        "prop-types": "^15.8.1",
        "react-is": "^18.2.0",
        "react-transition-group": "^4.4.5"
      },
      "engines": {
        "node": ">=12.0.0"
      },
      "funding": {
        "type": "opencollective",
        "url": "https://opencollective.com/mui"
      },
      "peerDependencies": {
        "@emotion/react": "^11.5.0",
        "@emotion/styled": "^11.3.0",
        "@types/react": "^17.0.0 || ^18.0.0",
        "react": "^17.0.0 || ^18.0.0",
        "react-dom": "^17.0.0 || ^18.0.0"
      },
      "peerDependenciesMeta": {
        "@emotion/react": {
          "optional": true
        },
        "@emotion/styled": {
          "optional": true
        },
        "@types/react": {
          "optional": true
        }
      }
    },
    "../../../node_modules/@nextui-org/react": {
      "version": "1.0.0-beta.13",
      "license": "MIT",
      "dependencies": {
        "@babel/runtime": "^7.20.1",
        "@react-aria/button": "3.6.2",
        "@react-aria/checkbox": "3.6.0",
        "@react-aria/dialog": "3.4.0",
        "@react-aria/focus": "3.7.0",
        "@react-aria/i18n": "3.6.1",
        "@react-aria/interactions": "3.12.0",
        "@react-aria/label": "3.4.2",
        "@react-aria/link": "3.3.4",
        "@react-aria/menu": "3.6.2",
        "@react-aria/overlays": "3.11.0",
        "@react-aria/radio": "3.4.0",
        "@react-aria/ssr": "3.3.0",
        "@react-aria/table": "3.5.0",
        "@react-aria/utils": "3.14.0",
        "@react-aria/visually-hidden": "3.5.0",
        "@react-stately/checkbox": "3.3.0",
        "@react-stately/collections": "3.4.4",
        "@react-stately/data": "3.7.0",
        "@react-stately/menu": "3.4.2",
        "@react-stately/overlays": "3.4.2",
        "@react-stately/radio": "3.6.0",
        "@react-stately/table": "3.5.0",
        "@react-stately/toggle": "3.4.2",
        "@react-stately/tree": "3.3.4",
        "@react-types/button": "^3.6.2",
        "@react-types/checkbox": "3.4.0",
        "@react-types/grid": "3.1.4",
        "@react-types/menu": "3.7.2",
        "@react-types/overlays": "3.6.4",
        "@react-types/shared": "3.15.0",
        "@stitches/react": "1.2.8"
      },
      "devDependencies": {},
      "peerDependencies": {
        "react": ">=16.8.0",
        "react-dom": ">=16.8.0"
      }
    },
    "../../../node_modules/react": {
      "version": "18.2.0",
      "license": "MIT",
      "dependencies": {
        "loose-envify": "^1.1.0"
      },
      "engines": {
        "node": ">=0.10.0"
      }
    },
    "../../../node_modules/react-dom": {
      "version": "18.2.0",
      "license": "MIT",
      "dependencies": {
        "loose-envify": "^1.1.0",
        "scheduler": "^0.23.0"
      },
      "peerDependencies": {
        "react": "^18.2.0"
      }
    },
    "node_modules/@emotion/react": {
      "resolved": "../../../node_modules/@emotion/react",
      "link": true
    },
    "node_modules/@emotion/styled": {
      "resolved": "../../../node_modules/@emotion/styled",
      "link": true
    },
    "node_modules/@mui/material": {
      "resolved": "../../../node_modules/@mui/material",
      "link": true
    },
    "node_modules/@nextui-org/react": {
      "resolved": "../../../node_modules/@nextui-org/react",
      "link": true
    },
    "node_modules/@popperjs/core": {
      "version": "2.11.8",
      "resolved": "https://registry.npmjs.org/@popperjs/core/-/core-2.11.8.tgz",
      "integrity": "sha512-P1st0aksCrn9sGZhp8GMYwBnQsbvAWsZAX44oXNNvLHGqAOcoVxmjZiohstwQ7SqKnbR47akdNi+uleWD8+g6A==",
      "peer": true,
      "funding": {
        "type": "opencollective",
        "url": "https://opencollective.com/popperjs"
      }
    },
    "node_modules/bootstrap": {
      "version": "5.3.0",
      "resolved": "https://registry.npmjs.org/bootstrap/-/bootstrap-5.3.0.tgz",
      "integrity": "sha512-UnBV3E3v4STVNQdms6jSGO2CvOkjUMdDAVR2V5N4uCMdaIkaQjbcEAMqRimDHIs4uqBYzDAKCQwCB+97tJgHQw==",
      "funding": [
        {
          "type": "github",
          "url": "https://github.com/sponsors/twbs"
        },
        {
          "type": "opencollective",
          "url": "https://opencollective.com/bootstrap"
        }
      ],
      "peerDependencies": {
        "@popperjs/core": "^2.11.7"
      }
    },
    "node_modules/browser-image-compression": {
      "version": "2.0.2",
      "resolved": "https://registry.npmjs.org/browser-image-compression/-/browser-image-compression-2.0.2.tgz",
      "integrity": "sha512-pBLlQyUf6yB8SmmngrcOw3EoS4RpQ1BcylI3T9Yqn7+4nrQTXJD4sJDe5ODnJdrvNMaio5OicFo75rDyJD2Ucw==",
      "dependencies": {
        "uzip": "0.20201231.0"
      }
    },
    "node_modules/react": {
      "resolved": "../../../node_modules/react",
      "link": true
    },
    "node_modules/react-dom": {
      "resolved": "../../../node_modules/react-dom",
      "link": true
    },
    "node_modules/uzip": {
      "version": "0.20201231.0",
      "resolved": "https://registry.npmjs.org/uzip/-/uzip-0.20201231.0.tgz",
      "integrity": "sha512-OZeJfZP+R0z9D6TmBgLq2LHzSSptGMGDGigGiEe0pr8UBe/7fdflgHlHBNDASTXB5jnFuxHpNaJywSg8YFeGng=="
    }
  },
  "dependencies": {
    "@emotion/react": {
      "version": "file:../../../node_modules/@emotion/react",
      "requires": {
        "@babel/runtime": "^7.18.3",
        "@definitelytyped/dtslint": "0.0.112",
        "@emotion/babel-plugin": "^11.11.0",
        "@emotion/cache": "^11.11.0",
        "@emotion/css": "11.11.0",
        "@emotion/css-prettifier": "1.1.3",
        "@emotion/serialize": "^1.1.2",
        "@emotion/server": "11.11.0",
        "@emotion/styled": "11.11.0",
        "@emotion/use-insertion-effect-with-fallbacks": "^1.0.1",
        "@emotion/utils": "^1.2.1",
        "@emotion/weak-memoize": "^0.3.1",
        "hoist-non-react-statics": "^3.3.1",
        "html-tag-names": "^1.1.2",
        "react": "16.14.0",
        "svg-tag-names": "^1.1.1",
        "typescript": "^4.5.5"
      }
    },
    "@emotion/styled": {
      "version": "file:../../../node_modules/@emotion/styled",
      "requires": {
        "@babel/runtime": "^7.18.3",
        "@definitelytyped/dtslint": "0.0.112",
        "@emotion/babel-plugin": "^11.11.0",
        "@emotion/is-prop-valid": "^1.2.1",
        "@emotion/react": "11.11.0",
        "@emotion/serialize": "^1.1.2",
        "@emotion/use-insertion-effect-with-fallbacks": "^1.0.1",
        "@emotion/utils": "^1.2.1",
        "react": "16.14.0",
        "typescript": "^4.5.5"
      }
    },
    "@mui/material": {
      "version": "file:../../../node_modules/@mui/material",
      "requires": {
        "@babel/runtime": "^7.21.0",
        "@mui/base": "5.0.0-beta.4",
        "@mui/core-downloads-tracker": "^5.13.4",
        "@mui/system": "^5.13.5",
        "@mui/types": "^7.2.4",
        "@mui/utils": "^5.13.1",
        "@types/react-transition-group": "^4.4.6",
        "clsx": "^1.2.1",
        "csstype": "^3.1.2",
        "prop-types": "^15.8.1",
        "react-is": "^18.2.0",
        "react-transition-group": "^4.4.5"
      }
    },
    "@nextui-org/react": {
      "version": "file:../../../node_modules/@nextui-org/react",
      "requires": {
        "@babel/runtime": "^7.20.1",
        "@react-aria/button": "3.6.2",
        "@react-aria/checkbox": "3.6.0",
        "@react-aria/dialog": "3.4.0",
        "@react-aria/focus": "3.7.0",
        "@react-aria/i18n": "3.6.1",
        "@react-aria/interactions": "3.12.0",
        "@react-aria/label": "3.4.2",
        "@react-aria/link": "3.3.4",
        "@react-aria/menu": "3.6.2",
        "@react-aria/overlays": "3.11.0",
        "@react-aria/radio": "3.4.0",
        "@react-aria/ssr": "3.3.0",
        "@react-aria/table": "3.5.0",
        "@react-aria/utils": "3.14.0",
        "@react-aria/visually-hidden": "3.5.0",
        "@react-stately/checkbox": "3.3.0",
        "@react-stately/collections": "3.4.4",
        "@react-stately/data": "3.7.0",
        "@react-stately/menu": "3.4.2",
        "@react-stately/overlays": "3.4.2",
        "@react-stately/radio": "3.6.0",
        "@react-stately/table": "3.5.0",
        "@react-stately/toggle": "3.4.2",
        "@react-stately/tree": "3.3.4",
        "@react-types/button": "^3.6.2",
        "@react-types/checkbox": "3.4.0",
        "@react-types/grid": "3.1.4",
        "@react-types/menu": "3.7.2",
        "@react-types/overlays": "3.6.4",
        "@react-types/shared": "3.15.0",
        "@stitches/react": "1.2.8"
      }
    },
    "@popperjs/core": {
      "version": "2.11.8",
      "resolved": "https://registry.npmjs.org/@popperjs/core/-/core-2.11.8.tgz",
      "integrity": "sha512-P1st0aksCrn9sGZhp8GMYwBnQsbvAWsZAX44oXNNvLHGqAOcoVxmjZiohstwQ7SqKnbR47akdNi+uleWD8+g6A==",
      "peer": true
    },
    "bootstrap": {
      "version": "5.3.0",
      "resolved": "https://registry.npmjs.org/bootstrap/-/bootstrap-5.3.0.tgz",
      "integrity": "sha512-UnBV3E3v4STVNQdms6jSGO2CvOkjUMdDAVR2V5N4uCMdaIkaQjbcEAMqRimDHIs4uqBYzDAKCQwCB+97tJgHQw==",
      "requires": {}
    },
    "browser-image-compression": {
      "version": "2.0.2",
      "resolved": "https://registry.npmjs.org/browser-image-compression/-/browser-image-compression-2.0.2.tgz",
      "integrity": "sha512-pBLlQyUf6yB8SmmngrcOw3EoS4RpQ1BcylI3T9Yqn7+4nrQTXJD4sJDe5ODnJdrvNMaio5OicFo75rDyJD2Ucw==",
      "requires": {
        "uzip": "0.20201231.0"
      }
    },
    "react": {
      "version": "file:../../../node_modules/react",
      "requires": {
        "loose-envify": "^1.1.0"
      }
    },
    "react-dom": {
      "version": "file:../../../node_modules/react-dom",
      "requires": {
        "loose-envify": "^1.1.0",
        "scheduler": "^0.23.0"
      }
    },
    "uzip": {
      "version": "0.20201231.0",
      "resolved": "https://registry.npmjs.org/uzip/-/uzip-0.20201231.0.tgz",
      "integrity": "sha512-OZeJfZP+R0z9D6TmBgLq2LHzSSptGMGDGigGiEe0pr8UBe/7fdflgHlHBNDASTXB5jnFuxHpNaJywSg8YFeGng=="
    }
  }
}
